// !$*UTF8*$!
{
	archiveVersion = 1;
	classes = {
	};
	objectVersion = 50;
	objects = {

/* Begin PBXBuildFile section */
		47BDCACA26D87264003764BC /* AppDelegate.swift in Sources */ = {isa = PBXBuildFile; fileRef = 47BDCAC926D87264003764BC /* AppDelegate.swift */; };
		47BDCACC26D87264003764BC /* SceneDelegate.swift in Sources */ = {isa = PBXBuildFile; fileRef = 47BDCACB26D87264003764BC /* SceneDelegate.swift */; };
		47BDCACE26D87264003764BC /* ViewController.swift in Sources */ = {isa = PBXBuildFile; fileRef = 47BDCACD26D87264003764BC /* ViewController.swift */; };
		47BDCAD126D87264003764BC /* Main.storyboard in Resources */ = {isa = PBXBuildFile; fileRef = 47BDCACF26D87264003764BC /* Main.storyboard */; };
		47BDCAD326D87265003764BC /* Assets.xcassets in Resources */ = {isa = PBXBuildFile; fileRef = 47BDCAD226D87265003764BC /* Assets.xcassets */; };
		47BDCAD626D87265003764BC /* LaunchScreen.storyboard in Resources */ = {isa = PBXBuildFile; fileRef = 47BDCAD426D87265003764BC /* LaunchScreen.storyboard */; };
		47BDCAE126D87265003764BC /* PreworkTests.swift in Sources */ = {isa = PBXBuildFile; fileRef = 47BDCAE026D87265003764BC /* PreworkTests.swift */; };
		47BDCAEC26D87265003764BC /* PreworkUITests.swift in Sources */ = {isa = PBXBuildFile; fileRef = 47BDCAEB26D87265003764BC /* PreworkUITests.swift */; };
/* End PBXBuildFile section */

/* Begin PBXContainerItemProxy section */
		47BDCADD26D87265003764BC /* PBXContainerItemProxy */ = {
			isa = PBXContainerItemProxy;
			containerPortal = 47BDCABE26D87264003764BC /* Project object */;
			proxyType = 1;
			remoteGlobalIDString = 47BDCAC526D87264003764BC;
			remoteInfo = Prework;
		};
		47BDCAE826D87265003764BC /* PBXContainerItemProxy */ = {
			isa = PBXContainerItemProxy;
			containerPortal = 47BDCABE26D87264003764BC /* Project object */;
			proxyType = 1;
			remoteGlobalIDString = 47BDCAC526D87264003764BC;
			remoteInfo = Prework;
		};
/* End PBXContainerItemProxy section */

/* Begin PBXFileReference section */
		47BDCAC626D87264003764BC /* Prework.app */ = {isa = PBXFileReference; explicitFileType = wrapper.application; includeInIndex = 0; path = Prework.app; sourceTree = BUILT_PRODUCTS_DIR; };
		47BDCAC926D87264003764BC /* AppDelegate.swift */ = {isa = PBXFileReference; lastKnownFileType = sourcecode.swift; path = AppDelegate.swift; sourceTree = "<group>"; };
		47BDCACB26D87264003764BC /* SceneDelegate.swift */ = {isa = PBXFileReference; lastKnownFileType = sourcecode.swift; path = SceneDelegate.swift; sourceTree = "<group>"; };
		47BDCACD26D87264003764BC /* ViewController.swift */ = {isa = PBXFileReference; lastKnownFileType = sourcecode.swift; path = ViewController.swift; sourceTree = "<group>"; };
		47BDCAD026D87264003764BC /* Base */ = {isa = PBXFileReference; lastKnownFileType = file.storyboard; name = Base; path = Base.lproj/Main.storyboard; sourceTree = "<group>"; };
		47BDCAD226D87265003764BC /* Assets.xcassets */ = {isa = PBXFileReference; lastKnownFileType = folder.assetcatalog; path = Assets.xcassets; sourceTree = "<group>"; };
		47BDCAD526D87265003764BC /* Base */ = {isa = PBXFileReference; lastKnownFileType = file.storyboard; name = Base; path = Base.lproj/LaunchScreen.storyboard; sourceTree = "<group>"; };
		47BDCAD726D87265003764BC /* Info.plist */ = {isa = PBXFileReference; lastKnownFileType = text.plist.xml; path = Info.plist; sourceTree = "<group>"; };
		47BDCADC26D87265003764BC /* PreworkTests.xctest */ = {isa = PBXFileReference; explicitFileType = wrapper.cfbundle; includeInIndex = 0; path = PreworkTests.xctest; sourceTree = BUILT_PRODUCTS_DIR; };
		47BDCAE026D87265003764BC /* PreworkTests.swift */ = {isa = PBXFileReference; lastKnownFileType = sourcecode.swift; path = PreworkTests.swift; sourceTree = "<group>"; };
		47BDCAE226D87265003764BC /* Info.plist */ = {isa = PBXFileReference; lastKnownFileType = text.plist.xml; path = Info.plist; sourceTree = "<group>"; };
		47BDCAE726D87265003764BC /* PreworkUITests.xctest */ = {isa = PBXFileReference; explicitFileType = wrapper.cfbundle; includeInIndex = 0; path = PreworkUITests.xctest; sourceTree = BUILT_PRODUCTS_DIR; };
		47BDCAEB26D87265003764BC /* PreworkUITests.swift */ = {isa = PBXFileReference; lastKnownFileType = sourcecode.swift; path = PreworkUITests.swift; sourceTree = "<group>"; };
		47BDCAED26D87265003764BC /* Info.plist */ = {isa = PBXFileReference; lastKnownFileType = text.plist.xml; path = Info.plist; sourceTree = "<group>"; };
/* End PBXFileReference section */

/* Begin PBXFrameworksBuildPhase section */
		47BDCAC326D87264003764BC /* Frameworks */ = {
			isa = PBXFrameworksBuildPhase;
			buildActionMask = 2147483647;
			files = (
			);
			runOnlyForDeploymentPostprocessing = 0;
		};
		47BDCAD926D87265003764BC /* Frameworks */ = {
			isa = PBXFrameworksBuildPhase;
			buildActionMask = 2147483647;
			files = (
			);
			runOnlyForDeploymentPostprocessing = 0;
		};
		47BDCAE426D87265003764BC /* Frameworks */ = {
			isa = PBXFrameworksBuildPhase;
			buildActionMask = 2147483647;
			files = (
			);
			runOnlyForDeploymentPostprocessing = 0;
		};
/* End PBXFrameworksBuildPhase section */

/* Begin PBXGroup section */
		47BDCABD26D87264003764BC = {
			isa = PBXGroup;
			children = (
				47BDCAC826D87264003764BC /* Prework */,
				47BDCADF26D87265003764BC /* PreworkTests */,
				47BDCAEA26D87265003764BC /* PreworkUITests */,
				47BDCAC726D87264003764BC /* Products */,
			);
			sourceTree = "<group>";
		};
		47BDCAC726D87264003764BC /* Products */ = {
			isa = PBXGroup;
			children = (
				47BDCAC626D87264003764BC /* Prework.app */,
				47BDCADC26D87265003764BC /* PreworkTests.xctest */,
				47BDCAE726D87265003764BC /* PreworkUITests.xctest */,
			);
			name = Products;
			sourceTree = "<group>";
		};
		47BDCAC826D87264003764BC /* Prework */ = {
			isa = PBXGroup;
			children = (
				47BDCAC926D87264003764BC /* AppDelegate.swift */,
				47BDCACB26D87264003764BC /* SceneDelegate.swift */,
				47BDCACD26D87264003764BC /* ViewController.swift */,
				47BDCACF26D87264003764BC /* Main.storyboard */,
				47BDCAD226D87265003764BC /* Assets.xcassets */,
				47BDCAD426D87265003764BC /* LaunchScreen.storyboard */,
				47BDCAD726D87265003764BC /* Info.plist */,
			);
			path = Prework;
			sourceTree = "<group>";
		};
		47BDCADF26D87265003764BC /* PreworkTests */ = {
			isa = PBXGroup;
			children = (
				47BDCAE026D87265003764BC /* PreworkTests.swift */,
				47BDCAE226D87265003764BC /* Info.plist */,
			);
			path = PreworkTests;
			sourceTree = "<group>";
		};
		47BDCAEA26D87265003764BC /* PreworkUITests */ = {
			isa = PBXGroup;
			children = (
				47BDCAEB26D87265003764BC /* PreworkUITests.swift */,
				47BDCAED26D87265003764BC /* Info.plist */,
			);
			path = PreworkUITests;
			sourceTree = "<group>";
		};
/* End PBXGroup section */

/* Begin PBXNativeTarget section */
		47BDCAC526D87264003764BC /* Prework */ = {
			isa = PBXNativeTarget;
			buildConfigurationList = 47BDCAF026D87265003764BC /* Build configuration list for PBXNativeTarget "Prework" */;
			buildPhases = (
				47BDCAC226D87264003764BC /* Sources */,
				47BDCAC326D87264003764BC /* Frameworks */,
				47BDCAC426D87264003764BC /* Resources */,
			);
			buildRules = (
			);
			dependencies = (
			);
			name = Prework;
			productName = Prework;
			productReference = 47BDCAC626D87264003764BC /* Prework.app */;
			productType = "com.apple.product-type.application";
		};
		47BDCADB26D87265003764BC /* PreworkTests */ = {
			isa = PBXNativeTarget;
			buildConfigurationList = 47BDCAF326D87265003764BC /* Build configuration list for PBXNativeTarget "PreworkTests" */;
			buildPhases = (
				47BDCAD826D87265003764BC /* Sources */,
				47BDCAD926D87265003764BC /* Frameworks */,
				47BDCADA26D87265003764BC /* Resources */,
			);
			buildRules = (
			);
			dependencies = (
				47BDCADE26D87265003764BC /* PBXTargetDependency */,
			);
			name = PreworkTests;
			productName = PreworkTests;
			productReference = 47BDCADC26D87265003764BC /* PreworkTests.xctest */;
			productType = "com.apple.product-type.bundle.unit-test";
		};
		47BDCAE626D87265003764BC /* PreworkUITests */ = {
			isa = PBXNativeTarget;
			buildConfigurationList = 47BDCAF626D87265003764BC /* Build configuration list for PBXNativeTarget "PreworkUITests" */;
			buildPhases = (
				47BDCAE326D87265003764BC /* Sources */,
				47BDCAE426D87265003764BC /* Frameworks */,
				47BDCAE526D87265003764BC /* Resources */,
			);
			buildRules = (
			);
			dependencies = (
				47BDCAE926D87265003764BC /* PBXTargetDependency */,
			);
			name = PreworkUITests;
			productName = PreworkUITests;
			productReference = 47BDCAE726D87265003764BC /* PreworkUITests.xctest */;
			productType = "com.apple.product-type.bundle.ui-testing";
		};
/* End PBXNativeTarget section */

/* Begin PBXProject section */
		47BDCABE26D87264003764BC /* Project object */ = {
			isa = PBXProject;
			attributes = {
				LastSwiftUpdateCheck = 1250;
				LastUpgradeCheck = 1250;
				TargetAttributes = {
					47BDCAC526D87264003764BC = {
						CreatedOnToolsVersion = 12.5.1;
					};
					47BDCADB26D87265003764BC = {
						CreatedOnToolsVersion = 12.5.1;
						TestTargetID = 47BDCAC526D87264003764BC;
					};
					47BDCAE626D87265003764BC = {
						CreatedOnToolsVersion = 12.5.1;
						TestTargetID = 47BDCAC526D87264003764BC;
					};
				};
			};
			buildConfigurationList = 47BDCAC126D87264003764BC /* Build configuration list for PBXProject "Prework" */;
			compatibilityVersion = "Xcode 9.3";
			developmentRegion = en;
			hasScannedForEncodings = 0;
			knownRegions = (
				en,
				Base,
			);
			mainGroup = 47BDCABD26D87264003764BC;
			productRefGroup = 47BDCAC726D87264003764BC /* Products */;
			projectDirPath = "";
			projectRoot = "";
			targets = (
				47BDCAC526D87264003764BC /* Prework */,
				47BDCADB26D87265003764BC /* PreworkTests */,
				47BDCAE626D87265003764BC /* PreworkUITests */,
			);
		};
/* End PBXProject section */

/* Begin PBXResourcesBuildPhase section */
		47BDCAC426D87264003764BC /* Resources */ = {
			isa = PBXResourcesBuildPhase;
			buildActionMask = 2147483647;
			files = (
				47BDCAD626D87265003764BC /* LaunchScreen.storyboard in Resources */,
				47BDCAD326D87265003764BC /* Assets.xcassets in Resources */,
				47BDCAD126D87264003764BC /* Main.storyboard in Resources */,
			);
			runOnlyForDeploymentPostprocessing = 0;
		};
		47BDCADA26D87265003764BC /* Resources */ = {
			isa = PBXResourcesBuildPhase;
			buildActionMask = 2147483647;
			files = (
			);
			runOnlyForDeploymentPostprocessing = 0;
		};
		47BDCAE526D87265003764BC /* Resources */ = {
			isa = PBXResourcesBuildPhase;
			buildActionMask = 2147483647;
			files = (
			);
			runOnlyForDeploymentPostprocessing = 0;
		};
/* End PBXResourcesBuildPhase section */

/* Begin PBXSourcesBuildPhase section */
		47BDCAC226D87264003764BC /* Sources */ = {
			isa = PBXSourcesBuildPhase;
			buildActionMask = 2147483647;
			files = (
				47BDCACE26D87264003764BC /* ViewController.swift in Sources */,
				47BDCACA26D87264003764BC /* AppDelegate.swift in Sources */,
				47BDCACC26D87264003764BC /* SceneDelegate.swift in Sources */,
			);
			runOnlyForDeploymentPostprocessing = 0;
		};
		47BDCAD826D87265003764BC /* Sources */ = {
			isa = PBXSourcesBuildPhase;
			buildActionMask = 2147483647;
			files = (
				47BDCAE126D87265003764BC /* PreworkTests.swift in Sources */,
			);
			runOnlyForDeploymentPostprocessing = 0;
		};
		47BDCAE326D87265003764BC /* Sources */ = {
			isa = PBXSourcesBuildPhase;
			buildActionMask = 2147483647;
			files = (
				47BDCAEC26D87265003764BC /* PreworkUITests.swift in Sources */,
			);
			runOnlyForDeploymentPostprocessing = 0;
		};
/* End PBXSourcesBuildPhase section */

/* Begin PBXTargetDependency section */
		47BDCADE26D87265003764BC /* PBXTargetDependency */ = {
			isa = PBXTargetDependency;
			target = 47BDCAC526D87264003764BC /* Prework */;
			targetProxy = 47BDCADD26D87265003764BC /* PBXContainerItemProxy */;
		};
		47BDCAE926D87265003764BC /* PBXTargetDependency */ = {
			isa = PBXTargetDependency;
			target = 47BDCAC526D87264003764BC /* Prework */;
			targetProxy = 47BDCAE826D87265003764BC /* PBXContainerItemProxy */;
		};
/* End PBXTargetDependency section */

/* Begin PBXVariantGroup section */
		47BDCACF26D87264003764BC /* Main.storyboard */ = {
			isa = PBXVariantGroup;
			children = (
				47BDCAD026D87264003764BC /* Base */,
			);
			name = Main.storyboard;
			sourceTree = "<group>";
		};
		47BDCAD426D87265003764BC /* LaunchScreen.storyboard */ = {
			isa = PBXVariantGroup;
			children = (
				47BDCAD526D87265003764BC /* Base */,
			);
			name = LaunchScreen.storyboard;
			sourceTree = "<group>";
		};
/* End PBXVariantGroup section */

/* Begin XCBuildConfiguration section */
		47BDCAEE26D87265003764BC /* Debug */ = {
			isa = XCBuildConfiguration;
			buildSettings = {
				ALWAYS_SEARCH_USER_PATHS = NO;
				CLANG_ANALYZER_NONNULL = YES;
				CLANG_ANALYZER_NUMBER_OBJECT_CONVERSION = YES_AGGRESSIVE;
				CLANG_CXX_LANGUAGE_STANDARD = "gnu++14";
				CLANG_CXX_LIBRARY = "libc++";
				CLANG_ENABLE_MODULES = YES;
				CLANG_ENABLE_OBJC_ARC = YES;
				CLANG_ENABLE_OBJC_WEAK = YES;
				CLANG_WARN_BLOCK_CAPTURE_AUTORELEASING = YES;
				CLANG_WARN_BOOL_CONVERSION = YES;
				CLANG_WARN_COMMA = YES;
				CLANG_WARN_CONSTANT_CONVERSION = YES;
				CLANG_WARN_DEPRECATED_OBJC_IMPLEMENTATIONS = YES;
				CLANG_WARN_DIRECT_OBJC_ISA_USAGE = YES_ERROR;
				CLANG_WARN_DOCUMENTATION_COMMENTS = YES;
				CLANG_WARN_EMPTY_BODY = YES;
				CLANG_WARN_ENUM_CONVERSION = YES;
				CLANG_WARN_INFINITE_RECURSION = YES;
				CLANG_WARN_INT_CONVERSION = YES;
				CLANG_WARN_NON_LITERAL_NULL_CONVERSION = YES;
				CLANG_WARN_OBJC_IMPLICIT_RETAIN_SELF = YES;
				CLANG_WARN_OBJC_LITERAL_CONVERSION = YES;
				CLANG_WARN_OBJC_ROOT_CLASS = YES_ERROR;
				CLANG_WARN_QUOTED_INCLUDE_IN_FRAMEWORK_HEADER = YES;
				CLANG_WARN_RANGE_LOOP_ANALYSIS = YES;
				CLANG_WARN_STRICT_PROTOTYPES = YES;
				CLANG_WARN_SUSPICIOUS_MOVE = YES;
				CLANG_WARN_UNGUARDED_AVAILABILITY = YES_AGGRESSIVE;
				CLANG_WARN_UNREACHABLE_CODE = YES;
				CLANG_WARN__DUPLICATE_METHOD_MATCH = YES;
				COPY_PHASE_STRIP = NO;
				DEBUG_INFORMATION_FORMAT = dwarf;
				ENABLE_STRICT_OBJC_MSGSEND = YES;
				ENABLE_TESTABILITY = YES;
				GCC_C_LANGUAGE_STANDARD = gnu11;
				GCC_DYNAMIC_NO_PIC = NO;
				GCC_NO_COMMON_BLOCKS = YES;
				GCC_OPTIMIZATION_LEVEL = 0;
				GCC_PREPROCESSOR_DEFINITIONS = (
					"DEBUG=1",
					"$(inherited)",
				);
				GCC_WARN_64_TO_32_BIT_CONVERSION = YES;
				GCC_WARN_ABOUT_RETURN_TYPE = YES_ERROR;
				GCC_WARN_UNDECLARED_SELECTOR = YES;
				GCC_WARN_UNINITIALIZED_AUTOS = YES_AGGRESSIVE;
				GCC_WARN_UNUSED_FUNCTION = YES;
				GCC_WARN_UNUSED_VARIABLE = YES;
				IPHONEOS_DEPLOYMENT_TARGET = 14.5;
				MTL_ENABLE_DEBUG_INFO = INCLUDE_SOURCE;
				MTL_FAST_MATH = YES;
				ONLY_ACTIVE_ARCH = YES;
				SDKROOT = iphoneos;
				SWIFT_ACTIVE_COMPILATION_CONDITIONS = DEBUG;
				SWIFT_OPTIMIZATION_LEVEL = "-Onone";
			};
			name = Debug;
		};
		47BDCAEF26D87265003764BC /* Release */ = {
			isa = XCBuildConfiguration;
			buildSettings = {
				ALWAYS_SEARCH_USER_PATHS = NO;
				CLANG_ANALYZER_NONNULL = YES;
				CLANG_ANALYZER_NUMBER_OBJECT_CONVERSION = YES_AGGRESSIVE;
				CLANG_CXX_LANGUAGE_STANDARD = "gnu++14";
				CLANG_CXX_LIBRARY = "libc++";
				CLANG_ENABLE_MODULES = YES;
				CLANG_ENABLE_OBJC_ARC = YES;
				CLANG_ENABLE_OBJC_WEAK = YES;
				CLANG_WARN_BLOCK_CAPTURE_AUTORELEASING = YES;
				CLANG_WARN_BOOL_CONVERSION = YES;
				CLANG_WARN_COMMA = YES;
				CLANG_WARN_CONSTANT_CONVERSION = YES;
				CLANG_WARN_DEPRECATED_OBJC_IMPLEMENTATIONS = YES;
				CLANG_WARN_DIRECT_OBJC_ISA_USAGE = YES_ERROR;
				CLANG_WARN_DOCUMENTATION_COMMENTS = YES;
				CLANG_WARN_EMPTY_BODY = YES;
				CLANG_WARN_ENUM_CONVERSION = YES;
				CLANG_WARN_INFINITE_RECURSION = YES;
				CLANG_WARN_INT_CONVERSION = YES;
				CLANG_WARN_NON_LITERAL_NULL_CONVERSION = YES;
				CLANG_WARN_OBJC_IMPLICIT_RETAIN_SELF = YES;
				CLANG_WARN_OBJC_LITERAL_CONVERSION = YES;
				CLANG_WARN_OBJC_ROOT_CLASS = YES_ERROR;
				CLANG_WARN_QUOTED_INCLUDE_IN_FRAMEWORK_HEADER = YES;
				CLANG_WARN_RANGE_LOOP_ANALYSIS = YES;
				CLANG_WARN_STRICT_PROTOTYPES = YES;
				CLANG_WARN_SUSPICIOUS_MOVE = YES;
				CLANG_WARN_UNGUARDED_AVAILABILITY = YES_AGGRESSIVE;
				CLANG_WARN_UNREACHABLE_CODE = YES;
				CLANG_WARN__DUPLICATE_METHOD_MATCH = YES;
				COPY_PHASE_STRIP = NO;
				DEBUG_INFORMATION_FORMAT = "dwarf-with-dsym";
				ENABLE_NS_ASSERTIONS = NO;
				ENABLE_STRICT_OBJC_MSGSEND = YES;
				GCC_C_LANGUAGE_STANDARD = gnu11;
				GCC_NO_COMMON_BLOCKS = YES;
				GCC_WARN_64_TO_32_BIT_CONVERSION = YES;
				GCC_WARN_ABOUT_RETURN_TYPE = YES_ERROR;
				GCC_WARN_UNDECLARED_SELECTOR = YES;
				GCC_WARN_UNINITIALIZED_AUTOS = YES_AGGRESSIVE;
				GCC_WARN_UNUSED_FUNCTION = YES;
				GCC_WARN_UNUSED_VARIABLE = YES;
				IPHONEOS_DEPLOYMENT_TARGET = 14.5;
				MTL_ENABLE_DEBUG_INFO = NO;
				MTL_FAST_MATH = YES;
				SDKROOT = iphoneos;
				SWIFT_COMPILATION_MODE = wholemodule;
				SWIFT_OPTIMIZATION_LEVEL = "-O";
				VALIDATE_PRODUCT = YES;
			};
			name = Release;
		};
		47BDCAF126D87265003764BC /* Debug */ = {
			isa = XCBuildConfiguration;
			buildSettings = {
				ASSETCATALOG_COMPILER_APPICON_NAME = AppIcon;
				ASSETCATALOG_COMPILER_GLOBAL_ACCENT_COLOR_NAME = AccentColor;
				CODE_SIGN_STYLE = Automatic;
				INFOPLIST_FILE = Prework/Info.plist;
				LD_RUNPATH_SEARCH_PATHS = (
					"$(inherited)",
					"@executable_path/Frameworks",
				);
				PRODUCT_BUNDLE_IDENTIFIER = adrianortiz.Prework;
				PRODUCT_NAME = "$(TARGET_NAME)";
				SWIFT_VERSION = 5.0;
				TARGETED_DEVICE_FAMILY = "1,2";
			};
			name = Debug;
		};
		47BDCAF226D87265003764BC /* Release */ = {
			isa = XCBuildConfiguration;
			buildSettings = {
				ASSETCATALOG_COMPILER_APPICON_NAME = AppIcon;
				ASSETCATALOG_COMPILER_GLOBAL_ACCENT_COLOR_NAME = AccentColor;
				CODE_SIGN_STYLE = Automatic;
				INFOPLIST_FILE = Prework/Info.plist;
				LD_RUNPATH_SEARCH_PATHS = (
					"$(inherited)",
					"@executable_path/Frameworks",
				);
				PRODUCT_BUNDLE_IDENTIFIER = adrianortiz.Prework;
				PRODUCT_NAME = "$(TARGET_NAME)";
				SWIFT_VERSION = 5.0;
				TARGETED_DEVICE_FAMILY = "1,2";
			};
			name = Release;
		};
		47BDCAF426D87265003764BC /* Debug */ = {
			isa = XCBuildConfiguration;
			buildSettings = {
				ALWAYS_EMBED_SWIFT_STANDARD_LIBRARIES = YES;
				BUNDLE_LOADER = "$(TEST_HOST)";
				CODE_SIGN_STYLE = Automatic;
				INFOPLIST_FILE = PreworkTests/Info.plist;
				IPHONEOS_DEPLOYMENT_TARGET = 14.5;
				LD_RUNPATH_SEARCH_PATHS = (
					"$(inherited)",
					"@executable_path/Frameworks",
					"@loader_path/Frameworks",
				);
				PRODUCT_BUNDLE_IDENTIFIER = adrianortiz.PreworkTests;
				PRODUCT_NAME = "$(TARGET_NAME)";
				SWIFT_VERSION = 5.0;
				TARGETED_DEVICE_FAMILY = "1,2";
				TEST_HOST = "$(BUILT_PRODUCTS_DIR)/Prework.app/Prework";
			};
			name = Debug;
		};
		47BDCAF526D87265003764BC /* Release */ = {
			isa = XCBuildConfiguration;
			buildSettings = {
				ALWAYS_EMBED_SWIFT_STANDARD_LIBRARIES = YES;
				BUNDLE_LOADER = "$(TEST_HOST)";
				CODE_SIGN_STYLE = Automatic;
				INFOPLIST_FILE = PreworkTests/Info.plist;
				IPHONEOS_DEPLOYMENT_TARGET = 14.5;
				LD_RUNPATH_SEARCH_PATHS = (
					"$(inherited)",
					"@executable_path/Frameworks",
					"@loader_path/Frameworks",
				);
				PRODUCT_BUNDLE_IDENTIFIER = adrianortiz.PreworkTests;
				PRODUCT_NAME = "$(TARGET_NAME)";
				SWIFT_VERSION = 5.0;
				TARGETED_DEVICE_FAMILY = "1,2";
				TEST_HOST = "$(BUILT_PRODUCTS_DIR)/Prework.app/Prework";
			};
			name = Release;
		};
		47BDCAF726D87265003764BC /* Debug */ = {
			isa = XCBuildConfiguration;
			buildSettings = {
				ALWAYS_EMBED_SWIFT_STANDARD_LIBRARIES = YES;
				CODE_SIGN_STYLE = Automatic;
				INFOPLIST_FILE = PreworkUITests/Info.plist;
				LD_RUNPATH_SEARCH_PATHS = (
					"$(inherited)",
					"@executable_path/Frameworks",
					"@loader_path/Frameworks",
				);
				PRODUCT_BUNDLE_IDENTIFIER = adrianortiz.PreworkUITests;
				PRODUCT_NAME = "$(TARGET_NAME)";
				SWIFT_VERSION = 5.0;
				TARGETED_DEVICE_FAMILY = "1,2";
				TEST_TARGET_NAME = Prework;
			};
			name = Debug;
		};
		47BDCAF826D87265003764BC /* Release */ = {
			isa = XCBuildConfiguration;
			buildSettings = {
				ALWAYS_EMBED_SWIFT_STANDARD_LIBRARIES = YES;
				CODE_SIGN_STYLE = Automatic;
				INFOPLIST_FILE = PreworkUITests/Info.plist;
				LD_RUNPATH_SEARCH_PATHS = (
					"$(inherited)",
					"@executable_path/Frameworks",
					"@loader_path/Frameworks",
				);
				PRODUCT_BUNDLE_IDENTIFIER = adrianortiz.PreworkUITests;
				PRODUCT_NAME = "$(TARGET_NAME)";
				SWIFT_VERSION = 5.0;
				TARGETED_DEVICE_FAMILY = "1,2";
				TEST_TARGET_NAME = Prework;
			};
			name = Release;
		};
/* End XCBuildConfiguration section */

/* Begin XCConfigurationList section */
		47BDCAC126D87264003764BC /* Build configuration list for PBXProject "Prework" */ = {
			isa = XCConfigurationList;
			buildConfigurations = (
				47BDCAEE26D87265003764BC /* Debug */,
				47BDCAEF26D87265003764BC /* Release */,
			);
			defaultConfigurationIsVisible = 0;
			defaultConfigurationName = Release;
		};
		47BDCAF026D87265003764BC /* Build configuration list for PBXNativeTarget "Prework" */ = {
			isa = XCConfigurationList;
			buildConfigurations = (
				47BDCAF126D87265003764BC /* Debug */,
				47BDCAF226D87265003764BC /* Release */,
			);
			defaultConfigurationIsVisible = 0;
			defaultConfigurationName = Release;
		};
		47BDCAF326D87265003764BC /* Build configuration list for PBXNativeTarget "PreworkTests" */ = {
			isa = XCConfigurationList;
			buildConfigurations = (
				47BDCAF426D87265003764BC /* Debug */,
				47BDCAF526D87265003764BC /* Release */,
			);
			defaultConfigurationIsVisible = 0;
			defaultConfigurationName = Release;
		};
		47BDCAF626D87265003764BC /* Build configuration list for PBXNativeTarget "PreworkUITests" */ = {
			isa = XCConfigurationList;
			buildConfigurations = (
				47BDCAF726D87265003764BC /* Debug */,
				47BDCAF826D87265003764BC /* Release */,
			);
			defaultConfigurationIsVisible = 0;
			defaultConfigurationName = Release;
		};
/* End XCConfigurationList section */
	};
	rootObject = 47BDCABE26D87264003764BC /* Project object */;
}
